// !$*UTF8*$!
{
	archiveVersion = 1;
	classes = {
	};
	objectVersion = 51;
	objects = {

/* Begin PBXBuildFile section */
		8F74C45B30EBE17C141EFF3E /* Pods_ColorGuesser.framework in Frameworks */ = {isa = PBXBuildFile; fileRef = 2069484291E247D173450A51 /* Pods_ColorGuesser.framework */; };
		972BACFF2378ABDE0076264C /* AboutMe.swift in Sources */ = {isa = PBXBuildFile; fileRef = 972BACFE2378ABDE0076264C /* AboutMe.swift */; };
		972BAD012378AC110076264C /* HelpPage.swift in Sources */ = {isa = PBXBuildFile; fileRef = 972BAD002378AC110076264C /* HelpPage.swift */; };
		972BAD052378B1BF0076264C /* appIconData.json in Resources */ = {isa = PBXBuildFile; fileRef = 972BAD042378B1BF0076264C /* appIconData.json */; };
		972BAD072378B90E0076264C /* Models in Resources */ = {isa = PBXBuildFile; fileRef = 972BAD062378B90E0076264C /* Models */; };
		9731F62E2367302C0034965D /* Default-568h@2x.png in Resources */ = {isa = PBXBuildFile; fileRef = 9731F62D2367302C0034965D /* Default-568h@2x.png */; };
		9731F6322367B5F60034965D /* SettingsView.swift in Sources */ = {isa = PBXBuildFile; fileRef = 9731F6312367B5F60034965D /* SettingsView.swift */; };
		974017DC23905B8B009372A6 /* IAP_ProductIDs.plist in Resources */ = {isa = PBXBuildFile; fileRef = 974017DB23905B8B009372A6 /* IAP_ProductIDs.plist */; };
		974017DE23905C47009372A6 /* IAPManager.swift in Sources */ = {isa = PBXBuildFile; fileRef = 974017DD23905C47009372A6 /* IAPManager.swift */; };
		9754E0A8236A4E3100903012 /* ColorGuesser.xcdatamodeld in Sources */ = {isa = PBXBuildFile; fileRef = 9754E0A6236A4E3100903012 /* ColorGuesser.xcdatamodeld */; };
		976A058C2373A6D500AA4A0C /* GameCenterClass.swift in Sources */ = {isa = PBXBuildFile; fileRef = 976A058B2373A6D500AA4A0C /* GameCenterClass.swift */; };
		976C4CC0237624660097834A /* PurchasePage.swift in Sources */ = {isa = PBXBuildFile; fileRef = 976C4CBF237624660097834A /* PurchasePage.swift */; };
		976C4CC6237663F10097834A /* Icon1@1x.png in Resources */ = {isa = PBXBuildFile; fileRef = 976C4CC3237663F10097834A /* Icon1@1x.png */; };
		976C4CC7237663F10097834A /* Icon1@3x.png in Resources */ = {isa = PBXBuildFile; fileRef = 976C4CC4237663F10097834A /* Icon1@3x.png */; };
		976C4CC8237663F10097834A /* Icon1@2x.png in Resources */ = {isa = PBXBuildFile; fileRef = 976C4CC5237663F10097834A /* Icon1@2x.png */; };
		976FCABD23732171003BFBB6 /* AppIconChanger.swift in Sources */ = {isa = PBXBuildFile; fileRef = 976FCABC23732171003BFBB6 /* AppIconChanger.swift */; };
		977513BC236B87DB007AC8BA /* GameKit.framework in Frameworks */ = {isa = PBXBuildFile; fileRef = 977513BB236B87DB007AC8BA /* GameKit.framework */; };
		977513BE236B87E4007AC8BA /* StoreKit.framework in Frameworks */ = {isa = PBXBuildFile; fileRef = 977513BD236B87E4007AC8BA /* StoreKit.framework */; };
		979241E5238B6CDC00D7DA8D /* PopupControllerMessage.swift in Sources */ = {isa = PBXBuildFile; fileRef = 979241E4238B6CDB00D7DA8D /* PopupControllerMessage.swift */; };
		979241E7238B6CE000D7DA8D /* GameKitHelper.swift in Sources */ = {isa = PBXBuildFile; fileRef = 979241E6238B6CE000D7DA8D /* GameKitHelper.swift */; };
		97B5C5BE2373312E000778FE /* AlternateIcon2@2x.png in Resources */ = {isa = PBXBuildFile; fileRef = 97B5C5B62373312E000778FE /* AlternateIcon2@2x.png */; };
		97B5C5BF2373312E000778FE /* AlternateIcon3@3x.png in Resources */ = {isa = PBXBuildFile; fileRef = 97B5C5B72373312E000778FE /* AlternateIcon3@3x.png */; };
		97B5C5C02373312E000778FE /* AlternateIcon5@2x.png in Resources */ = {isa = PBXBuildFile; fileRef = 97B5C5B82373312E000778FE /* AlternateIcon5@2x.png */; };
		97B5C5C12373312E000778FE /* AlternateIcon2@3x.png in Resources */ = {isa = PBXBuildFile; fileRef = 97B5C5B92373312E000778FE /* AlternateIcon2@3x.png */; };
		97B5C5C22373312E000778FE /* AlternateIcon3@2x.png in Resources */ = {isa = PBXBuildFile; fileRef = 97B5C5BA2373312E000778FE /* AlternateIcon3@2x.png */; };
		97B5C5C32373312E000778FE /* AlternateIcon5@3x.png in Resources */ = {isa = PBXBuildFile; fileRef = 97B5C5BB2373312E000778FE /* AlternateIcon5@3x.png */; };
		97B5C5C42373312E000778FE /* AlternateIcon4@3x.png in Resources */ = {isa = PBXBuildFile; fileRef = 97B5C5BC2373312E000778FE /* AlternateIcon4@3x.png */; };
		97B5C5C52373312E000778FE /* AlternateIcon4@2x.png in Resources */ = {isa = PBXBuildFile; fileRef = 97B5C5BD2373312E000778FE /* AlternateIcon4@2x.png */; };
		97B7244D2367E07D00903EAB /* LeaderBoardView.swift in Sources */ = {isa = PBXBuildFile; fileRef = 97B7244C2367E07D00903EAB /* LeaderBoardView.swift */; };
		97B7CE93232FE1FB0091BB99 /* AppDelegate.swift in Sources */ = {isa = PBXBuildFile; fileRef = 97B7CE92232FE1FB0091BB99 /* AppDelegate.swift */; };
		97B7CE95232FE1FB0091BB99 /* SceneDelegate.swift in Sources */ = {isa = PBXBuildFile; fileRef = 97B7CE94232FE1FB0091BB99 /* SceneDelegate.swift */; };
		97B7CE97232FE1FB0091BB99 /* ContentView.swift in Sources */ = {isa = PBXBuildFile; fileRef = 97B7CE96232FE1FB0091BB99 /* ContentView.swift */; };
		97B7CE99232FE1FC0091BB99 /* Assets.xcassets in Resources */ = {isa = PBXBuildFile; fileRef = 97B7CE98232FE1FC0091BB99 /* Assets.xcassets */; };
		97B7CE9C232FE1FC0091BB99 /* Preview Assets.xcassets in Resources */ = {isa = PBXBuildFile; fileRef = 97B7CE9B232FE1FC0091BB99 /* Preview Assets.xcassets */; };
		97B7CE9F232FE1FC0091BB99 /* LaunchScreen.storyboard in Resources */ = {isa = PBXBuildFile; fileRef = 97B7CE9D232FE1FC0091BB99 /* LaunchScreen.storyboard */; };
		97BC3850239096D7008BB3CD /* ViewModel.swift in Sources */ = {isa = PBXBuildFile; fileRef = 97BC384F239096D7008BB3CD /* ViewModel.swift */; };
		97BC385223909757008BB3CD /* Model.swift in Sources */ = {isa = PBXBuildFile; fileRef = 97BC385123909757008BB3CD /* Model.swift */; };
		97EE251B2385D62400A3AF37 /* AppIconData.swift in Sources */ = {isa = PBXBuildFile; fileRef = 97EE251A2385D62400A3AF37 /* AppIconData.swift */; };
/* End PBXBuildFile section */

/* Begin PBXFileReference section */
		2069484291E247D173450A51 /* Pods_ColorGuesser.framework */ = {isa = PBXFileReference; explicitFileType = wrapper.framework; includeInIndex = 0; path = Pods_ColorGuesser.framework; sourceTree = BUILT_PRODUCTS_DIR; };
		59D9CBBD69587437EE79C71E /* Pods-ColorGuesser.debug.xcconfig */ = {isa = PBXFileReference; includeInIndex = 1; lastKnownFileType = text.xcconfig; name = "Pods-ColorGuesser.debug.xcconfig"; path = "Target Support Files/Pods-ColorGuesser/Pods-ColorGuesser.debug.xcconfig"; sourceTree = "<group>"; };
		7B36F116FF5E00CFE0646F8C /* Pods-ColorGuesser.release.xcconfig */ = {isa = PBXFileReference; includeInIndex = 1; lastKnownFileType = text.xcconfig; name = "Pods-ColorGuesser.release.xcconfig"; path = "Target Support Files/Pods-ColorGuesser/Pods-ColorGuesser.release.xcconfig"; sourceTree = "<group>"; };
		972BACFE2378ABDE0076264C /* AboutMe.swift */ = {isa = PBXFileReference; lastKnownFileType = sourcecode.swift; path = AboutMe.swift; sourceTree = "<group>"; };
		972BAD002378AC110076264C /* HelpPage.swift */ = {isa = PBXFileReference; lastKnownFileType = sourcecode.swift; path = HelpPage.swift; sourceTree = "<group>"; };
		972BAD042378B1BF0076264C /* appIconData.json */ = {isa = PBXFileReference; fileEncoding = 4; lastKnownFileType = text.json; path = appIconData.json; sourceTree = "<group>"; };
		972BAD062378B90E0076264C /* Models */ = {isa = PBXFileReference; lastKnownFileType = folder; path = Models; sourceTree = "<group>"; };
		9731F62D2367302C0034965D /* Default-568h@2x.png */ = {isa = PBXFileReference; lastKnownFileType = image.png; path = "Default-568h@2x.png"; sourceTree = "<group>"; };
		9731F6312367B5F60034965D /* SettingsView.swift */ = {isa = PBXFileReference; lastKnownFileType = sourcecode.swift; path = SettingsView.swift; sourceTree = "<group>"; };
		974017DB23905B8B009372A6 /* IAP_ProductIDs.plist */ = {isa = PBXFileReference; fileEncoding = 4; lastKnownFileType = text.plist.xml; path = IAP_ProductIDs.plist; sourceTree = "<group>"; };
		974017DD23905C47009372A6 /* IAPManager.swift */ = {isa = PBXFileReference; lastKnownFileType = sourcecode.swift; path = IAPManager.swift; sourceTree = "<group>"; };
		97432DC5235A4F5F001CB32A /* ColorGuesser.entitlements */ = {isa = PBXFileReference; lastKnownFileType = text.plist.entitlements; path = ColorGuesser.entitlements; sourceTree = "<group>"; };
		9754E0A7236A4E3100903012 /* ColorGuesser.xcdatamodel */ = {isa = PBXFileReference; lastKnownFileType = wrapper.xcdatamodel; path = ColorGuesser.xcdatamodel; sourceTree = "<group>"; };
		976A058B2373A6D500AA4A0C /* GameCenterClass.swift */ = {isa = PBXFileReference; fileEncoding = 4; lastKnownFileType = sourcecode.swift; path = GameCenterClass.swift; sourceTree = "<group>"; };
		976C4CBF237624660097834A /* PurchasePage.swift */ = {isa = PBXFileReference; lastKnownFileType = sourcecode.swift; path = PurchasePage.swift; sourceTree = "<group>"; };
		976C4CC3237663F10097834A /* Icon1@1x.png */ = {isa = PBXFileReference; lastKnownFileType = image.png; name = "Icon1@1x.png"; path = "App Icons/ColorGuesserLogo/ios/AppIcon.appiconset/Icon1@1x.png"; sourceTree = "<group>"; };
		976C4CC4237663F10097834A /* Icon1@3x.png */ = {isa = PBXFileReference; lastKnownFileType = image.png; name = "Icon1@3x.png"; path = "App Icons/ColorGuesserLogo/ios/AppIcon.appiconset/Icon1@3x.png"; sourceTree = "<group>"; };
		976C4CC5237663F10097834A /* Icon1@2x.png */ = {isa = PBXFileReference; lastKnownFileType = image.png; name = "Icon1@2x.png"; path = "App Icons/ColorGuesserLogo/ios/AppIcon.appiconset/Icon1@2x.png"; sourceTree = "<group>"; };
		976FCABC23732171003BFBB6 /* AppIconChanger.swift */ = {isa = PBXFileReference; lastKnownFileType = sourcecode.swift; path = AppIconChanger.swift; sourceTree = "<group>"; };
		977513BB236B87DB007AC8BA /* GameKit.framework */ = {isa = PBXFileReference; lastKnownFileType = wrapper.framework; name = GameKit.framework; path = System/Library/Frameworks/GameKit.framework; sourceTree = SDKROOT; };
		977513BD236B87E4007AC8BA /* StoreKit.framework */ = {isa = PBXFileReference; lastKnownFileType = wrapper.framework; name = StoreKit.framework; path = System/Library/Frameworks/StoreKit.framework; sourceTree = SDKROOT; };
		979241E4238B6CDB00D7DA8D /* PopupControllerMessage.swift */ = {isa = PBXFileReference; fileEncoding = 4; lastKnownFileType = sourcecode.swift; path = PopupControllerMessage.swift; sourceTree = "<group>"; };
		979241E6238B6CE000D7DA8D /* GameKitHelper.swift */ = {isa = PBXFileReference; fileEncoding = 4; lastKnownFileType = sourcecode.swift; path = GameKitHelper.swift; sourceTree = "<group>"; };
		97B5C5B62373312E000778FE /* AlternateIcon2@2x.png */ = {isa = PBXFileReference; lastKnownFileType = image.png; name = "AlternateIcon2@2x.png"; path = "App Icons/AlternateIcon2@2x.png"; sourceTree = "<group>"; };
		97B5C5B72373312E000778FE /* AlternateIcon3@3x.png */ = {isa = PBXFileReference; lastKnownFileType = image.png; name = "AlternateIcon3@3x.png"; path = "App Icons/AlternateIcon3@3x.png"; sourceTree = "<group>"; };
		97B5C5B82373312E000778FE /* AlternateIcon5@2x.png */ = {isa = PBXFileReference; lastKnownFileType = image.png; name = "AlternateIcon5@2x.png"; path = "App Icons/AlternateIcon5@2x.png"; sourceTree = "<group>"; };
		97B5C5B92373312E000778FE /* AlternateIcon2@3x.png */ = {isa = PBXFileReference; lastKnownFileType = image.png; name = "AlternateIcon2@3x.png"; path = "App Icons/AlternateIcon2@3x.png"; sourceTree = "<group>"; };
		97B5C5BA2373312E000778FE /* AlternateIcon3@2x.png */ = {isa = PBXFileReference; lastKnownFileType = image.png; name = "AlternateIcon3@2x.png"; path = "App Icons/AlternateIcon3@2x.png"; sourceTree = "<group>"; };
		97B5C5BB2373312E000778FE /* AlternateIcon5@3x.png */ = {isa = PBXFileReference; lastKnownFileType = image.png; name = "AlternateIcon5@3x.png"; path = "App Icons/AlternateIcon5@3x.png"; sourceTree = "<group>"; };
		97B5C5BC2373312E000778FE /* AlternateIcon4@3x.png */ = {isa = PBXFileReference; lastKnownFileType = image.png; name = "AlternateIcon4@3x.png"; path = "App Icons/AlternateIcon4@3x.png"; sourceTree = "<group>"; };
		97B5C5BD2373312E000778FE /* AlternateIcon4@2x.png */ = {isa = PBXFileReference; lastKnownFileType = image.png; name = "AlternateIcon4@2x.png"; path = "App Icons/AlternateIcon4@2x.png"; sourceTree = "<group>"; };
		97B7244C2367E07D00903EAB /* LeaderBoardView.swift */ = {isa = PBXFileReference; lastKnownFileType = sourcecode.swift; path = LeaderBoardView.swift; sourceTree = "<group>"; };
		97B7CE8F232FE1FB0091BB99 /* Iris.app */ = {isa = PBXFileReference; explicitFileType = wrapper.application; includeInIndex = 0; path = Iris.app; sourceTree = BUILT_PRODUCTS_DIR; };
		97B7CE92232FE1FB0091BB99 /* AppDelegate.swift */ = {isa = PBXFileReference; lastKnownFileType = sourcecode.swift; path = AppDelegate.swift; sourceTree = "<group>"; };
		97B7CE94232FE1FB0091BB99 /* SceneDelegate.swift */ = {isa = PBXFileReference; lastKnownFileType = sourcecode.swift; path = SceneDelegate.swift; sourceTree = "<group>"; };
		97B7CE96232FE1FB0091BB99 /* ContentView.swift */ = {isa = PBXFileReference; lastKnownFileType = sourcecode.swift; path = ContentView.swift; sourceTree = "<group>"; };
		97B7CE98232FE1FC0091BB99 /* Assets.xcassets */ = {isa = PBXFileReference; lastKnownFileType = folder.assetcatalog; path = Assets.xcassets; sourceTree = "<group>"; };
		97B7CE9B232FE1FC0091BB99 /* Preview Assets.xcassets */ = {isa = PBXFileReference; lastKnownFileType = folder.assetcatalog; path = "Preview Assets.xcassets"; sourceTree = "<group>"; };
		97B7CE9E232FE1FC0091BB99 /* Base */ = {isa = PBXFileReference; lastKnownFileType = file.storyboard; name = Base; path = Base.lproj/LaunchScreen.storyboard; sourceTree = "<group>"; };
		97B7CEA0232FE1FC0091BB99 /* Info.plist */ = {isa = PBXFileReference; lastKnownFileType = text.plist.xml; path = Info.plist; sourceTree = "<group>"; };
		97BC384F239096D7008BB3CD /* ViewModel.swift */ = {isa = PBXFileReference; fileEncoding = 4; lastKnownFileType = sourcecode.swift; path = ViewModel.swift; sourceTree = "<group>"; };
		97BC385123909757008BB3CD /* Model.swift */ = {isa = PBXFileReference; lastKnownFileType = sourcecode.swift; path = Model.swift; sourceTree = "<group>"; };
		97EE251A2385D62400A3AF37 /* AppIconData.swift */ = {isa = PBXFileReference; lastKnownFileType = sourcecode.swift; path = AppIconData.swift; sourceTree = "<group>"; };
/* End PBXFileReference section */

/* Begin PBXFrameworksBuildPhase section */
		97B7CE8C232FE1FB0091BB99 /* Frameworks */ = {
			isa = PBXFrameworksBuildPhase;
			buildActionMask = 2147483647;
			files = (
				977513BE236B87E4007AC8BA /* StoreKit.framework in Frameworks */,
				8F74C45B30EBE17C141EFF3E /* Pods_ColorGuesser.framework in Frameworks */,
				977513BC236B87DB007AC8BA /* GameKit.framework in Frameworks */,
			);
			runOnlyForDeploymentPostprocessing = 0;
		};
/* End PBXFrameworksBuildPhase section */

/* Begin PBXGroup section */
		5225928E90EA331EFFE88530 /* Pods */ = {
			isa = PBXGroup;
			children = (
				59D9CBBD69587437EE79C71E /* Pods-ColorGuesser.debug.xcconfig */,
				7B36F116FF5E00CFE0646F8C /* Pods-ColorGuesser.release.xcconfig */,
			);
			path = Pods;
			sourceTree = "<group>";
		};
		79AB2027297FC5250D97250C /* Frameworks */ = {
			isa = PBXGroup;
			children = (
				977513BD236B87E4007AC8BA /* StoreKit.framework */,
				977513BB236B87DB007AC8BA /* GameKit.framework */,
				2069484291E247D173450A51 /* Pods_ColorGuesser.framework */,
			);
			name = Frameworks;
			sourceTree = "<group>";
		};
		9703516F2381D918007E7106 /* Store Files */ = {
			isa = PBXGroup;
			children = (
				97BC384F239096D7008BB3CD /* ViewModel.swift */,
				97BC385123909757008BB3CD /* Model.swift */,
				974017DB23905B8B009372A6 /* IAP_ProductIDs.plist */,
				974017DD23905C47009372A6 /* IAPManager.swift */,
			);
			path = "Store Files";
			sourceTree = "<group>";
		};
		976FCABE237324F7003BFBB6 /* Resources */ = {
			isa = PBXGroup;
			children = (
				972BAD042378B1BF0076264C /* appIconData.json */,
				976C4CC3237663F10097834A /* Icon1@1x.png */,
				976C4CC5237663F10097834A /* Icon1@2x.png */,
				976C4CC4237663F10097834A /* Icon1@3x.png */,
				97B5C5B62373312E000778FE /* AlternateIcon2@2x.png */,
				97B5C5B92373312E000778FE /* AlternateIcon2@3x.png */,
				97B5C5BA2373312E000778FE /* AlternateIcon3@2x.png */,
				97B5C5B72373312E000778FE /* AlternateIcon3@3x.png */,
				97B5C5BD2373312E000778FE /* AlternateIcon4@2x.png */,
				97B5C5BC2373312E000778FE /* AlternateIcon4@3x.png */,
				97B5C5B82373312E000778FE /* AlternateIcon5@2x.png */,
				97B5C5BB2373312E000778FE /* AlternateIcon5@3x.png */,
				97EE251A2385D62400A3AF37 /* AppIconData.swift */,
			);
			name = Resources;
			path = ..;
			sourceTree = "<group>";
		};
		979241E3238B6CB100D7DA8D /* GameCenter */ = {
			isa = PBXGroup;
			children = (
				979241E4238B6CDB00D7DA8D /* PopupControllerMessage.swift */,
				979241E6238B6CE000D7DA8D /* GameKitHelper.swift */,
				976A058B2373A6D500AA4A0C /* GameCenterClass.swift */,
			);
			path = GameCenter;
			sourceTree = "<group>";
		};
		97B7CE86232FE1FB0091BB99 = {
			isa = PBXGroup;
			children = (
				9731F62D2367302C0034965D /* Default-568h@2x.png */,
				97B7CE91232FE1FB0091BB99 /* ColorGuesser */,
				97B7CE90232FE1FB0091BB99 /* Products */,
				5225928E90EA331EFFE88530 /* Pods */,
				79AB2027297FC5250D97250C /* Frameworks */,
			);
			sourceTree = "<group>";
		};
		97B7CE90232FE1FB0091BB99 /* Products */ = {
			isa = PBXGroup;
			children = (
				97B7CE8F232FE1FB0091BB99 /* Iris.app */,
			);
			name = Products;
			sourceTree = "<group>";
		};
		97B7CE91232FE1FB0091BB99 /* ColorGuesser */ = {
			isa = PBXGroup;
			children = (
				979241E3238B6CB100D7DA8D /* GameCenter */,
				972BAD062378B90E0076264C /* Models */,
				976FCABE237324F7003BFBB6 /* Resources */,
				97432DC5235A4F5F001CB32A /* ColorGuesser.entitlements */,
				97B7CE92232FE1FB0091BB99 /* AppDelegate.swift */,
				97B7CE94232FE1FB0091BB99 /* SceneDelegate.swift */,
				97B7CE96232FE1FB0091BB99 /* ContentView.swift */,
				97B7244C2367E07D00903EAB /* LeaderBoardView.swift */,
				9731F6312367B5F60034965D /* SettingsView.swift */,
				97F1D7EC237C6A67001C4853 /* Settings Pages */,
				9703516F2381D918007E7106 /* Store Files */,
				9754E0A6236A4E3100903012 /* ColorGuesser.xcdatamodeld */,
				97B7CE98232FE1FC0091BB99 /* Assets.xcassets */,
				97B7CE9D232FE1FC0091BB99 /* LaunchScreen.storyboard */,
				97B7CEA0232FE1FC0091BB99 /* Info.plist */,
				97B7CE9A232FE1FC0091BB99 /* Preview Content */,
			);
			path = ColorGuesser;
			sourceTree = "<group>";
		};
		97B7CE9A232FE1FC0091BB99 /* Preview Content */ = {
			isa = PBXGroup;
			children = (
				97B7CE9B232FE1FC0091BB99 /* Preview Assets.xcassets */,
			);
			path = "Preview Content";
			sourceTree = "<group>";
		};
		97F1D7EC237C6A67001C4853 /* Settings Pages */ = {
			isa = PBXGroup;
			children = (
				976FCABC23732171003BFBB6 /* AppIconChanger.swift */,
				976C4CBF237624660097834A /* PurchasePage.swift */,
				972BACFE2378ABDE0076264C /* AboutMe.swift */,
				972BAD002378AC110076264C /* HelpPage.swift */,
			);
			path = "Settings Pages";
			sourceTree = "<group>";
		};
/* End PBXGroup section */

/* Begin PBXNativeTarget section */
		97B7CE8E232FE1FB0091BB99 /* ColorGuesser */ = {
			isa = PBXNativeTarget;
			buildConfigurationList = 97B7CEA3232FE1FC0091BB99 /* Build configuration list for PBXNativeTarget "ColorGuesser" */;
			buildPhases = (
				71FB1B75EBADF48FBCD10487 /* [CP] Check Pods Manifest.lock */,
				97B7CE8B232FE1FB0091BB99 /* Sources */,
				97B7CE8C232FE1FB0091BB99 /* Frameworks */,
				97B7CE8D232FE1FB0091BB99 /* Resources */,
				31CFCBAC4423EE63474FDC5D /* [CP] Embed Pods Frameworks */,
			);
			buildRules = (
			);
			dependencies = (
			);
			name = ColorGuesser;
			productName = ColorGuesser;
			productReference = 97B7CE8F232FE1FB0091BB99 /* Iris.app */;
			productType = "com.apple.product-type.application";
		};
/* End PBXNativeTarget section */

/* Begin PBXProject section */
		97B7CE87232FE1FB0091BB99 /* Project object */ = {
			isa = PBXProject;
			attributes = {
				LastSwiftUpdateCheck = 1100;
				LastUpgradeCheck = 1100;
				ORGANIZATIONNAME = "Thomas Braun";
				TargetAttributes = {
					97B7CE8E232FE1FB0091BB99 = {
						CreatedOnToolsVersion = 11.0;
					};
				};
			};
			buildConfigurationList = 97B7CE8A232FE1FB0091BB99 /* Build configuration list for PBXProject "ColorGuesser" */;
			compatibilityVersion = "Xcode 9.3";
			developmentRegion = en;
			hasScannedForEncodings = 0;
			knownRegions = (
				en,
				Base,
			);
			mainGroup = 97B7CE86232FE1FB0091BB99;
			productRefGroup = 97B7CE90232FE1FB0091BB99 /* Products */;
			projectDirPath = "";
			projectRoot = "";
			targets = (
				97B7CE8E232FE1FB0091BB99 /* ColorGuesser */,
			);
		};
/* End PBXProject section */

/* Begin PBXResourcesBuildPhase section */
		97B7CE8D232FE1FB0091BB99 /* Resources */ = {
			isa = PBXResourcesBuildPhase;
			buildActionMask = 2147483647;
			files = (
				97B7CE9F232FE1FC0091BB99 /* LaunchScreen.storyboard in Resources */,
				97B5C5BF2373312E000778FE /* AlternateIcon3@3x.png in Resources */,
				97B5C5C02373312E000778FE /* AlternateIcon5@2x.png in Resources */,
				976C4CC6237663F10097834A /* Icon1@1x.png in Resources */,
				97B5C5C52373312E000778FE /* AlternateIcon4@2x.png in Resources */,
				9731F62E2367302C0034965D /* Default-568h@2x.png in Resources */,
				972BAD072378B90E0076264C /* Models in Resources */,
				97B5C5C22373312E000778FE /* AlternateIcon3@2x.png in Resources */,
				97B7CE9C232FE1FC0091BB99 /* Preview Assets.xcassets in Resources */,
				97B5C5BE2373312E000778FE /* AlternateIcon2@2x.png in Resources */,
				97B5C5C32373312E000778FE /* AlternateIcon5@3x.png in Resources */,
				974017DC23905B8B009372A6 /* IAP_ProductIDs.plist in Resources */,
				97B5C5C12373312E000778FE /* AlternateIcon2@3x.png in Resources */,
				97B7CE99232FE1FC0091BB99 /* Assets.xcassets in Resources */,
				976C4CC8237663F10097834A /* Icon1@2x.png in Resources */,
				972BAD052378B1BF0076264C /* appIconData.json in Resources */,
				976C4CC7237663F10097834A /* Icon1@3x.png in Resources */,
				97B5C5C42373312E000778FE /* AlternateIcon4@3x.png in Resources */,
			);
			runOnlyForDeploymentPostprocessing = 0;
		};
/* End PBXResourcesBuildPhase section */

/* Begin PBXShellScriptBuildPhase section */
		31CFCBAC4423EE63474FDC5D /* [CP] Embed Pods Frameworks */ = {
			isa = PBXShellScriptBuildPhase;
			buildActionMask = 2147483647;
			files = (
			);
			inputFileListPaths = (
				"${PODS_ROOT}/Target Support Files/Pods-ColorGuesser/Pods-ColorGuesser-frameworks-${CONFIGURATION}-input-files.xcfilelist",
			);
			name = "[CP] Embed Pods Frameworks";
			outputFileListPaths = (
				"${PODS_ROOT}/Target Support Files/Pods-ColorGuesser/Pods-ColorGuesser-frameworks-${CONFIGURATION}-output-files.xcfilelist",
			);
			runOnlyForDeploymentPostprocessing = 0;
			shellPath = /bin/sh;
			shellScript = "\"${PODS_ROOT}/Target Support Files/Pods-ColorGuesser/Pods-ColorGuesser-frameworks.sh\"\n";
			showEnvVarsInLog = 0;
		};
		71FB1B75EBADF48FBCD10487 /* [CP] Check Pods Manifest.lock */ = {
			isa = PBXShellScriptBuildPhase;
			buildActionMask = 2147483647;
			files = (
			);
			inputFileListPaths = (
			);
			inputPaths = (
				"${PODS_PODFILE_DIR_PATH}/Podfile.lock",
				"${PODS_ROOT}/Manifest.lock",
			);
			name = "[CP] Check Pods Manifest.lock";
			outputFileListPaths = (
			);
			outputPaths = (
				"$(DERIVED_FILE_DIR)/Pods-ColorGuesser-checkManifestLockResult.txt",
			);
			runOnlyForDeploymentPostprocessing = 0;
			shellPath = /bin/sh;
			shellScript = "diff \"${PODS_PODFILE_DIR_PATH}/Podfile.lock\" \"${PODS_ROOT}/Manifest.lock\" > /dev/null\nif [ $? != 0 ] ; then\n    # print error to STDERR\n    echo \"error: The sandbox is not in sync with the Podfile.lock. Run 'pod install' or update your CocoaPods installation.\" >&2\n    exit 1\nfi\n# This output is used by Xcode 'outputs' to avoid re-running this script phase.\necho \"SUCCESS\" > \"${SCRIPT_OUTPUT_FILE_0}\"\n";
			showEnvVarsInLog = 0;
		};
/* End PBXShellScriptBuildPhase section */

/* Begin PBXSourcesBuildPhase section */
		97B7CE8B232FE1FB0091BB99 /* Sources */ = {
			isa = PBXSourcesBuildPhase;
			buildActionMask = 2147483647;
			files = (
				976C4CC0237624660097834A /* PurchasePage.swift in Sources */,
				9754E0A8236A4E3100903012 /* ColorGuesser.xcdatamodeld in Sources */,
				972BACFF2378ABDE0076264C /* AboutMe.swift in Sources */,
				97BC3850239096D7008BB3CD /* ViewModel.swift in Sources */,
				976A058C2373A6D500AA4A0C /* GameCenterClass.swift in Sources */,
				97B7CE93232FE1FB0091BB99 /* AppDelegate.swift in Sources */,
				97EE251B2385D62400A3AF37 /* AppIconData.swift in Sources */,
				976FCABD23732171003BFBB6 /* AppIconChanger.swift in Sources */,
				9731F6322367B5F60034965D /* SettingsView.swift in Sources */,
				979241E5238B6CDC00D7DA8D /* PopupControllerMessage.swift in Sources */,
				974017DE23905C47009372A6 /* IAPManager.swift in Sources */,
				979241E7238B6CE000D7DA8D /* GameKitHelper.swift in Sources */,
				97B7CE95232FE1FB0091BB99 /* SceneDelegate.swift in Sources */,
				97B7CE97232FE1FB0091BB99 /* ContentView.swift in Sources */,
				97BC385223909757008BB3CD /* Model.swift in Sources */,
				97B7244D2367E07D00903EAB /* LeaderBoardView.swift in Sources */,
				972BAD012378AC110076264C /* HelpPage.swift in Sources */,
			);
			runOnlyForDeploymentPostprocessing = 0;
		};
/* End PBXSourcesBuildPhase section */

/* Begin PBXVariantGroup section */
		97B7CE9D232FE1FC0091BB99 /* LaunchScreen.storyboard */ = {
			isa = PBXVariantGroup;
			children = (
				97B7CE9E232FE1FC0091BB99 /* Base */,
			);
			name = LaunchScreen.storyboard;
			sourceTree = "<group>";
		};
/* End PBXVariantGroup section */

/* Begin XCBuildConfiguration section */
		97B7CEA1232FE1FC0091BB99 /* Debug */ = {
			isa = XCBuildConfiguration;
			buildSettings = {
				ALWAYS_SEARCH_USER_PATHS = NO;
				CLANG_ANALYZER_NONNULL = YES;
				CLANG_ANALYZER_NUMBER_OBJECT_CONVERSION = YES_AGGRESSIVE;
				CLANG_CXX_LANGUAGE_STANDARD = "gnu++14";
				CLANG_CXX_LIBRARY = "libc++";
				CLANG_ENABLE_MODULES = YES;
				CLANG_ENABLE_OBJC_ARC = YES;
				CLANG_ENABLE_OBJC_WEAK = YES;
				CLANG_WARN_BLOCK_CAPTURE_AUTORELEASING = YES;
				CLANG_WARN_BOOL_CONVERSION = YES;
				CLANG_WARN_COMMA = YES;
				CLANG_WARN_CONSTANT_CONVERSION = YES;
				CLANG_WARN_DEPRECATED_OBJC_IMPLEMENTATIONS = YES;
				CLANG_WARN_DIRECT_OBJC_ISA_USAGE = YES_ERROR;
				CLANG_WARN_DOCUMENTATION_COMMENTS = YES;
				CLANG_WARN_EMPTY_BODY = YES;
				CLANG_WARN_ENUM_CONVERSION = YES;
				CLANG_WARN_INFINITE_RECURSION = YES;
				CLANG_WARN_INT_CONVERSION = YES;
				CLANG_WARN_NON_LITERAL_NULL_CONVERSION = YES;
				CLANG_WARN_OBJC_IMPLICIT_RETAIN_SELF = YES;
				CLANG_WARN_OBJC_LITERAL_CONVERSION = YES;
				CLANG_WARN_OBJC_ROOT_CLASS = YES_ERROR;
				CLANG_WARN_RANGE_LOOP_ANALYSIS = YES;
				CLANG_WARN_STRICT_PROTOTYPES = YES;
				CLANG_WARN_SUSPICIOUS_MOVE = YES;
				CLANG_WARN_UNGUARDED_AVAILABILITY = YES_AGGRESSIVE;
				CLANG_WARN_UNREACHABLE_CODE = YES;
				CLANG_WARN__DUPLICATE_METHOD_MATCH = YES;
				COPY_PHASE_STRIP = NO;
				DEBUG_INFORMATION_FORMAT = dwarf;
				ENABLE_STRICT_OBJC_MSGSEND = YES;
				ENABLE_TESTABILITY = YES;
				GCC_C_LANGUAGE_STANDARD = gnu11;
				GCC_DYNAMIC_NO_PIC = NO;
				GCC_NO_COMMON_BLOCKS = YES;
				GCC_OPTIMIZATION_LEVEL = 0;
				GCC_PREPROCESSOR_DEFINITIONS = (
					"DEBUG=1",
					"$(inherited)",
				);
				GCC_WARN_64_TO_32_BIT_CONVERSION = YES;
				GCC_WARN_ABOUT_RETURN_TYPE = YES_ERROR;
				GCC_WARN_UNDECLARED_SELECTOR = YES;
				GCC_WARN_UNINITIALIZED_AUTOS = YES_AGGRESSIVE;
				GCC_WARN_UNUSED_FUNCTION = YES;
				GCC_WARN_UNUSED_VARIABLE = YES;
				IPHONEOS_DEPLOYMENT_TARGET = 13.0;
				MTL_ENABLE_DEBUG_INFO = INCLUDE_SOURCE;
				MTL_FAST_MATH = YES;
				ONLY_ACTIVE_ARCH = YES;
				SDKROOT = iphoneos;
				SWIFT_ACTIVE_COMPILATION_CONDITIONS = DEBUG;
				SWIFT_OPTIMIZATION_LEVEL = "-Onone";
			};
			name = Debug;
		};
		97B7CEA2232FE1FC0091BB99 /* Release */ = {
			isa = XCBuildConfiguration;
			buildSettings = {
				ALWAYS_SEARCH_USER_PATHS = NO;
				CLANG_ANALYZER_NONNULL = YES;
				CLANG_ANALYZER_NUMBER_OBJECT_CONVERSION = YES_AGGRESSIVE;
				CLANG_CXX_LANGUAGE_STANDARD = "gnu++14";
				CLANG_CXX_LIBRARY = "libc++";
				CLANG_ENABLE_MODULES = YES;
				CLANG_ENABLE_OBJC_ARC = YES;
				CLANG_ENABLE_OBJC_WEAK = YES;
				CLANG_WARN_BLOCK_CAPTURE_AUTORELEASING = YES;
				CLANG_WARN_BOOL_CONVERSION = YES;
				CLANG_WARN_COMMA = YES;
				CLANG_WARN_CONSTANT_CONVERSION = YES;
				CLANG_WARN_DEPRECATED_OBJC_IMPLEMENTATIONS = YES;
				CLANG_WARN_DIRECT_OBJC_ISA_USAGE = YES_ERROR;
				CLANG_WARN_DOCUMENTATION_COMMENTS = YES;
				CLANG_WARN_EMPTY_BODY = YES;
				CLANG_WARN_ENUM_CONVERSION = YES;
				CLANG_WARN_INFINITE_RECURSION = YES;
				CLANG_WARN_INT_CONVERSION = YES;
				CLANG_WARN_NON_LITERAL_NULL_CONVERSION = YES;
				CLANG_WARN_OBJC_IMPLICIT_RETAIN_SELF = YES;
				CLANG_WARN_OBJC_LITERAL_CONVERSION = YES;
				CLANG_WARN_OBJC_ROOT_CLASS = YES_ERROR;
				CLANG_WARN_RANGE_LOOP_ANALYSIS = YES;
				CLANG_WARN_STRICT_PROTOTYPES = YES;
				CLANG_WARN_SUSPICIOUS_MOVE = YES;
				CLANG_WARN_UNGUARDED_AVAILABILITY = YES_AGGRESSIVE;
				CLANG_WARN_UNREACHABLE_CODE = YES;
				CLANG_WARN__DUPLICATE_METHOD_MATCH = YES;
				COPY_PHASE_STRIP = NO;
				DEBUG_INFORMATION_FORMAT = "dwarf-with-dsym";
				ENABLE_NS_ASSERTIONS = NO;
				ENABLE_STRICT_OBJC_MSGSEND = YES;
				GCC_C_LANGUAGE_STANDARD = gnu11;
				GCC_NO_COMMON_BLOCKS = YES;
				GCC_WARN_64_TO_32_BIT_CONVERSION = YES;
				GCC_WARN_ABOUT_RETURN_TYPE = YES_ERROR;
				GCC_WARN_UNDECLARED_SELECTOR = YES;
				GCC_WARN_UNINITIALIZED_AUTOS = YES_AGGRESSIVE;
				GCC_WARN_UNUSED_FUNCTION = YES;
				GCC_WARN_UNUSED_VARIABLE = YES;
				IPHONEOS_DEPLOYMENT_TARGET = 13.0;
				MTL_ENABLE_DEBUG_INFO = NO;
				MTL_FAST_MATH = YES;
				SDKROOT = iphoneos;
				SWIFT_COMPILATION_MODE = wholemodule;
				SWIFT_OPTIMIZATION_LEVEL = "-O";
				VALIDATE_PRODUCT = YES;
			};
			name = Release;
		};
		97B7CEA4232FE1FC0091BB99 /* Debug */ = {
			isa = XCBuildConfiguration;
			baseConfigurationReference = 59D9CBBD69587437EE79C71E /* Pods-ColorGuesser.debug.xcconfig */;
			buildSettings = {
				ASSETCATALOG_COMPILER_APPICON_NAME = AppIcon;
				CODE_SIGN_ENTITLEMENTS = ColorGuesser/ColorGuesser.entitlements;
				"CODE_SIGN_IDENTITY[sdk=macosx*]" = "Apple Development";
				CODE_SIGN_STYLE = Automatic;
				CURRENT_PROJECT_VERSION = 3.0.1;
				DERIVE_MACCATALYST_PRODUCT_BUNDLE_IDENTIFIER = YES;
				DEVELOPMENT_ASSET_PATHS = "\"ColorGuesser/Preview Content\"";
				DEVELOPMENT_TEAM = GFGJV6265F;
				ENABLE_PREVIEWS = YES;
				INFOPLIST_FILE = ColorGuesser/Info.plist;
				IPHONEOS_DEPLOYMENT_TARGET = 13.0;
				LD_RUNPATH_SEARCH_PATHS = (
					"$(inherited)",
					"@executable_path/Frameworks",
				);
				MARKETING_VERSION = 2.0;
				PRODUCT_BUNDLE_IDENTIFIER = com.Braun.ColorGuesser;
				PRODUCT_NAME = Iris;
				SUPPORTS_MACCATALYST = YES;
				SWIFT_VERSION = 5.0;
				TARGETED_DEVICE_FAMILY = "1,2";
			};
			name = Debug;
		};
		97B7CEA5232FE1FC0091BB99 /* Release */ = {
			isa = XCBuildConfiguration;
			baseConfigurationReference = 7B36F116FF5E00CFE0646F8C /* Pods-ColorGuesser.release.xcconfig */;
			buildSettings = {
				ASSETCATALOG_COMPILER_APPICON_NAME = AppIcon;
				CODE_SIGN_ENTITLEMENTS = ColorGuesser/ColorGuesser.entitlements;
				"CODE_SIGN_IDENTITY[sdk=macosx*]" = "Apple Development";
				CODE_SIGN_STYLE = Automatic;
				CURRENT_PROJECT_VERSION = 3.0.1;
				DERIVE_MACCATALYST_PRODUCT_BUNDLE_IDENTIFIER = YES;
				DEVELOPMENT_ASSET_PATHS = "\"ColorGuesser/Preview Content\"";
				DEVELOPMENT_TEAM = GFGJV6265F;
				ENABLE_PREVIEWS = YES;
				INFOPLIST_FILE = ColorGuesser/Info.plist;
				IPHONEOS_DEPLOYMENT_TARGET = 13.0;
				LD_RUNPATH_SEARCH_PATHS = (
					"$(inherited)",
					"@executable_path/Frameworks",
				);
				MARKETING_VERSION = 2.0;
				PRODUCT_BUNDLE_IDENTIFIER = com.Braun.ColorGuesser;
				PRODUCT_NAME = Iris;
				SUPPORTS_MACCATALYST = YES;
				SWIFT_VERSION = 5.0;
				TARGETED_DEVICE_FAMILY = "1,2";
			};
			name = Release;
		};
/* End XCBuildConfiguration section */

/* Begin XCConfigurationList section */
		97B7CE8A232FE1FB0091BB99 /* Build configuration list for PBXProject "ColorGuesser" */ = {
			isa = XCConfigurationList;
			buildConfigurations = (
				97B7CEA1232FE1FC0091BB99 /* Debug */,
				97B7CEA2232FE1FC0091BB99 /* Release */,
			);
			defaultConfigurationIsVisible = 0;
			defaultConfigurationName = Release;
		};
		97B7CEA3232FE1FC0091BB99 /* Build configuration list for PBXNativeTarget "ColorGuesser" */ = {
			isa = XCConfigurationList;
			buildConfigurations = (
				97B7CEA4232FE1FC0091BB99 /* Debug */,
				97B7CEA5232FE1FC0091BB99 /* Release */,
			);
			defaultConfigurationIsVisible = 0;
			defaultConfigurationName = Release;
		};
/* End XCConfigurationList section */

/* Begin XCVersionGroup section */
		9754E0A6236A4E3100903012 /* ColorGuesser.xcdatamodeld */ = {
			isa = XCVersionGroup;
			children = (
				9754E0A7236A4E3100903012 /* ColorGuesser.xcdatamodel */,
			);
			currentVersion = 9754E0A7236A4E3100903012 /* ColorGuesser.xcdatamodel */;
			path = ColorGuesser.xcdatamodeld;
			sourceTree = "<group>";
			versionGroupType = wrapper.xcdatamodel;
		};
/* End XCVersionGroup section */
	};
	rootObject = 97B7CE87232FE1FB0091BB99 /* Project object */;
}
